
Microsoft Visual Studio Solution File, Format Version 12.00
# Visual Studio Version 16
VisualStudioVersion = 16.0.29123.88
MinimumVisualStudioVersion = 10.0.40219.1
Project("{FAE04EC0-301F-11D3-BF4B-00C04F79EFBC}") = "Exercise 1", "Exercise 1\Exercise 1.csproj", "{6EC25A07-811D-4FEC-98A1-8122A063B8A9}"
EndProject
Project("{FAE04EC0-301F-11D3-BF4B-00C04F79EFBC}") = "banking", "banking\banking.csproj", "{52117607-E1E1-4FD9-AF10-9BF3AE9C0932}"
EndProject
Project("{FAE04EC0-301F-11D3-BF4B-00C04F79EFBC}") = "CarvalhoBanks", "CarvalhoBanks\CarvalhoBanks.csproj", "{4CD7B790-1470-4BE6-B189-E955DF12E8A2}"
EndProject
Global
	GlobalSection(SolutionConfigurationPlatforms) = preSolution
		Debug|Any CPU = Debug|Any CPU
		Release|Any CPU = Release|Any CPU
	EndGlobalSection
	GlobalSection(ProjectConfigurationPlatforms) = postSolution
		{6EC25A07-811D-4FEC-98A1-8122A063B8A9}.Debug|Any CPU.ActiveCfg = Debug|Any CPU
		{6EC25A07-811D-4FEC-98A1-8122A063B8A9}.Debug|Any CPU.Build.0 = Debug|Any CPU
		{6EC25A07-811D-4FEC-98A1-8122A063B8A9}.Release|Any CPU.ActiveCfg = Release|Any CPU
		{6EC25A07-811D-4FEC-98A1-8122A063B8A9}.Release|Any CPU.Build.0 = Release|Any CPU
		{52117607-E1E1-4FD9-AF10-9BF3AE9C0932}.Debug|Any CPU.ActiveCfg = Debug|Any CPU
		{52117607-E1E1-4FD9-AF10-9BF3AE9C0932}.Debug|Any CPU.Build.0 = Debug|Any CPU
		{52117607-E1E1-4FD9-AF10-9BF3AE9C0932}.Release|Any CPU.ActiveCfg = Release|Any CPU
		{52117607-E1E1-4FD9-AF10-9BF3AE9C0932}.Release|Any CPU.Build.0 = Release|Any CPU
		{4CD7B790-1470-4BE6-B189-E955DF12E8A2}.Debug|Any CPU.ActiveCfg = Debug|Any CPU
		{4CD7B790-1470-4BE6-B189-E955DF12E8A2}.Debug|Any CPU.Build.0 = Debug|Any CPU
		{4CD7B790-1470-4BE6-B189-E955DF12E8A2}.Release|Any CPU.ActiveCfg = Release|Any CPU
		{4CD7B790-1470-4BE6-B189-E955DF12E8A2}.Release|Any CPU.Build.0 = Release|Any CPU
	EndGlobalSection
	GlobalSection(SolutionProperties) = preSolution
		HideSolutionNode = FALSE
	EndGlobalSection
	GlobalSection(ExtensibilityGlobals) = postSolution
		SolutionGuid = {7CB5FDF3-3429-4735-A305-30502FFADA59}
	EndGlobalSection
EndGlobal
